{
  "name": "FluexGL",
  "lockfileVersion": 3,
  "requires": true,
  "packages": {
    "": {
      "dependencies": {
        "@types/uuid": "^10.0.0",
        "gl-matrix": "^3.4.4",
        "uuid": "^13.0.0",
        "wgsl_reflect": "^1.2.3"
      },
      "devDependencies": {
        "@webgpu/types": "^0.1.65"
      }
    },
    "node_modules/@types/uuid": {
      "version": "10.0.0",
      "resolved": "https://registry.npmjs.org/@types/uuid/-/uuid-10.0.0.tgz",
      "integrity": "sha512-7gqG38EyHgyP1S+7+xomFtL+ZNHcKv6DwNaCZmJmo1vgMugyF3TCnXVg4t1uk89mLNwnLtnY3TpOpCOyp1/xHQ==",
      "license": "MIT"
    },
    "node_modules/@webgpu/types": {
      "version": "0.1.65",
      "resolved": "https://registry.npmjs.org/@webgpu/types/-/types-0.1.65.tgz",
      "integrity": "sha512-cYrHab4d6wuVvDW5tdsfI6/o6vcLMDe6w2Citd1oS51Xxu2ycLCnVo4fqwujfKWijrZMInTJIKcXxteoy21nVA==",
      "dev": true,
      "license": "BSD-3-Clause"
    },
    "node_modules/gl-matrix": {
      "version": "3.4.4",
      "resolved": "https://registry.npmjs.org/gl-matrix/-/gl-matrix-3.4.4.tgz",
      "integrity": "sha512-latSnyDNt/8zYUB6VIJ6PCh2jBjJX6gnDsoCZ7LyW7GkqrD51EWwa9qCoGixj8YqBtETQK/xY7OmpTF8xz1DdQ==",
      "license": "MIT"
    },
    "node_modules/uuid": {
      "version": "13.0.0",
      "resolved": "https://registry.npmjs.org/uuid/-/uuid-13.0.0.tgz",
      "integrity": "sha512-XQegIaBTVUjSHliKqcnFqYypAd4S+WCYt5NIeRs6w/UAry7z8Y9j5ZwRRL4kzq9U3sD6v+85er9FvkEaBpji2w==",
      "funding": [
        "https://github.com/sponsors/broofa",
        "https://github.com/sponsors/ctavan"
      ],
      "license": "MIT",
      "bin": {
        "uuid": "dist-node/bin/uuid"
      }
    },
    "node_modules/wgsl_reflect": {
      "version": "1.2.3",
      "resolved": "https://registry.npmjs.org/wgsl_reflect/-/wgsl_reflect-1.2.3.tgz",
      "integrity": "sha512-BQWBIsOn411M+ffBxmA6QRLvAOVbuz3Uk4NusxnqC1H7aeQcVLhdA3k2k/EFFFtqVjhz3z7JOOZF1a9hj2tv4Q==",
      "license": "MIT"
    }
  }
}
